
Microsoft Visual Studio Solution File, Format Version 12.00
# Visual Studio Version 16
VisualStudioVersion = 16.0.31911.196
MinimumVisualStudioVersion = 10.0.40219.1
Project("{FAE04EC0-301F-11D3-BF4B-00C04F79EFBC}") = "WebApi", "WebApi\WebApi.csproj", "{84584F36-B007-4E9F-9E03-D2263A134969}"
EndProject
Project("{FAE04EC0-301F-11D3-BF4B-00C04F79EFBC}") = "Entities", "Entities\Entities.csproj", "{F9FB86DC-98B9-4AE3-8B37-7FE17F82094C}"
EndProject
Global
	GlobalSection(SolutionConfigurationPlatforms) = preSolution
		Debug|Any CPU = Debug|Any CPU
		Release|Any CPU = Release|Any CPU
	EndGlobalSection
	GlobalSection(ProjectConfigurationPlatforms) = postSolution
		{84584F36-B007-4E9F-9E03-D2263A134969}.Debug|Any CPU.ActiveCfg = Debug|Any CPU
		{84584F36-B007-4E9F-9E03-D2263A134969}.Debug|Any CPU.Build.0 = Debug|Any CPU
		{84584F36-B007-4E9F-9E03-D2263A134969}.Release|Any CPU.ActiveCfg = Release|Any CPU
		{84584F36-B007-4E9F-9E03-D2263A134969}.Release|Any CPU.Build.0 = Release|Any CPU
		{F9FB86DC-98B9-4AE3-8B37-7FE17F82094C}.Debug|Any CPU.ActiveCfg = Debug|Any CPU
		{F9FB86DC-98B9-4AE3-8B37-7FE17F82094C}.Debug|Any CPU.Build.0 = Debug|Any CPU
		{F9FB86DC-98B9-4AE3-8B37-7FE17F82094C}.Release|Any CPU.ActiveCfg = Release|Any CPU
		{F9FB86DC-98B9-4AE3-8B37-7FE17F82094C}.Release|Any CPU.Build.0 = Release|Any CPU
	EndGlobalSection
	GlobalSection(SolutionProperties) = preSolution
		HideSolutionNode = FALSE
	EndGlobalSection
	GlobalSection(ExtensibilityGlobals) = postSolution
		SolutionGuid = {90BFCDD6-1DBF-4AFB-B095-245A7F4AD4FC}
	EndGlobalSection
EndGlobal
